// !$*UTF8*$!
{
	archiveVersion = 1;
	classes = {
	};
	objectVersion = 46;
	objects = {

/* Begin PBXBuildFile section */
		7E4CD1DE1991A71F00631BC3 /* SingleMetricTableViewController.m in Sources */ = {isa = PBXBuildFile; fileRef = 7E4CD1DD1991A71F00631BC3 /* SingleMetricTableViewController.m */; };
		7E54AFC919A5617D00C9BA4E /* RMStepsController.m in Sources */ = {isa = PBXBuildFile; fileRef = 7E54AFC419A5617D00C9BA4E /* RMStepsController.m */; };
		7E54AFCA19A5617D00C9BA4E /* RMStepsBar.m in Sources */ = {isa = PBXBuildFile; fileRef = 7E54AFC619A5617D00C9BA4E /* RMStepsBar.m */; };
		7E54AFCB19A5617D00C9BA4E /* RMStep.m in Sources */ = {isa = PBXBuildFile; fileRef = 7E54AFC819A5617D00C9BA4E /* RMStep.m */; };
		7E54AFCF19A5628A00C9BA4E /* ForecastStepsController.m in Sources */ = {isa = PBXBuildFile; fileRef = 7E54AFCE19A5628A00C9BA4E /* ForecastStepsController.m */; };
		7E54AFD219A5690600C9BA4E /* AssesmentStepViewController.m in Sources */ = {isa = PBXBuildFile; fileRef = 7E54AFD119A5690600C9BA4E /* AssesmentStepViewController.m */; };
		7E90E552198DBAE300969FB6 /* Accounts.framework in Frameworks */ = {isa = PBXBuildFile; fileRef = 7E90E551198DBAE300969FB6 /* Accounts.framework */; };
		7E90E554198DBAE900969FB6 /* Social.framework in Frameworks */ = {isa = PBXBuildFile; fileRef = 7E90E553198DBAE900969FB6 /* Social.framework */; };
		7E90E556198DBB7100969FB6 /* MobileCoreServices.framework in Frameworks */ = {isa = PBXBuildFile; fileRef = 7E90E555198DBB7100969FB6 /* MobileCoreServices.framework */; };
		7E90E558198DBB9D00969FB6 /* SystemConfiguration.framework in Frameworks */ = {isa = PBXBuildFile; fileRef = 7E90E557198DBB9D00969FB6 /* SystemConfiguration.framework */; };
		7E90E55B198DC21F00969FB6 /* Constants.m in Sources */ = {isa = PBXBuildFile; fileRef = 7E90E55A198DC21F00969FB6 /* Constants.m */; };
		7E90E55E198DD34200969FB6 /* AddMetricsViewController.m in Sources */ = {isa = PBXBuildFile; fileRef = 7E90E55D198DD34200969FB6 /* AddMetricsViewController.m */; };
		7E90E561198DD3D700969FB6 /* MetricsViewController.m in Sources */ = {isa = PBXBuildFile; fileRef = 7E90E560198DD3D700969FB6 /* MetricsViewController.m */; };
		7E90E56A198DD3EB00969FB6 /* BEMSimpleLineGraphView.m in Sources */ = {isa = PBXBuildFile; fileRef = 7E90E563198DD3EB00969FB6 /* BEMSimpleLineGraphView.m */; };
		7E90E56B198DD3EB00969FB6 /* BEMAnimations.m in Sources */ = {isa = PBXBuildFile; fileRef = 7E90E565198DD3EB00969FB6 /* BEMAnimations.m */; };
		7E90E56C198DD3EB00969FB6 /* BEMCircle.m in Sources */ = {isa = PBXBuildFile; fileRef = 7E90E567198DD3EB00969FB6 /* BEMCircle.m */; };
		7E90E56D198DD3EB00969FB6 /* BEMLine.m in Sources */ = {isa = PBXBuildFile; fileRef = 7E90E569198DD3EB00969FB6 /* BEMLine.m */; };
		7E90E57319903DBF00969FB6 /* SingleMetricViewController.m in Sources */ = {isa = PBXBuildFile; fileRef = 7E90E57219903DBF00969FB6 /* SingleMetricViewController.m */; };
		7EB8BEED198D81E100C06CFF /* Foundation.framework in Frameworks */ = {isa = PBXBuildFile; fileRef = 7EB8BEEC198D81E100C06CFF /* Foundation.framework */; };
		7EB8BEEF198D81E100C06CFF /* CoreGraphics.framework in Frameworks */ = {isa = PBXBuildFile; fileRef = 7EB8BEEE198D81E100C06CFF /* CoreGraphics.framework */; };
		7EB8BEF1198D81E100C06CFF /* UIKit.framework in Frameworks */ = {isa = PBXBuildFile; fileRef = 7EB8BEF0198D81E100C06CFF /* UIKit.framework */; };
		7EB8BEF7198D81E100C06CFF /* InfoPlist.strings in Resources */ = {isa = PBXBuildFile; fileRef = 7EB8BEF5198D81E100C06CFF /* InfoPlist.strings */; };
		7EB8BEF9198D81E100C06CFF /* main.m in Sources */ = {isa = PBXBuildFile; fileRef = 7EB8BEF8198D81E100C06CFF /* main.m */; };
		7EB8BEFD198D81E100C06CFF /* AppDelegate.m in Sources */ = {isa = PBXBuildFile; fileRef = 7EB8BEFC198D81E100C06CFF /* AppDelegate.m */; };
		7EB8BF00198D81E100C06CFF /* Main.storyboard in Resources */ = {isa = PBXBuildFile; fileRef = 7EB8BEFE198D81E100C06CFF /* Main.storyboard */; };
		7EB8BF05198D81E100C06CFF /* Images.xcassets in Resources */ = {isa = PBXBuildFile; fileRef = 7EB8BF04198D81E100C06CFF /* Images.xcassets */; };
		7EB8BF0C198D81E200C06CFF /* XCTest.framework in Frameworks */ = {isa = PBXBuildFile; fileRef = 7EB8BF0B198D81E200C06CFF /* XCTest.framework */; };
		7EB8BF0D198D81E200C06CFF /* Foundation.framework in Frameworks */ = {isa = PBXBuildFile; fileRef = 7EB8BEEC198D81E100C06CFF /* Foundation.framework */; };
		7EB8BF0E198D81E200C06CFF /* UIKit.framework in Frameworks */ = {isa = PBXBuildFile; fileRef = 7EB8BEF0198D81E100C06CFF /* UIKit.framework */; };
		7EB8BF16198D81E200C06CFF /* InfoPlist.strings in Resources */ = {isa = PBXBuildFile; fileRef = 7EB8BF14198D81E200C06CFF /* InfoPlist.strings */; };
		7EB8BF18198D81E200C06CFF /* OnPurposeTests.m in Sources */ = {isa = PBXBuildFile; fileRef = 7EB8BF17198D81E200C06CFF /* OnPurposeTests.m */; };
		7EB8BF24198D963700C06CFF /* Parse.framework in Frameworks */ = {isa = PBXBuildFile; fileRef = 7EB8BF23198D963700C06CFF /* Parse.framework */; };
		7ECC9C761992B8A8002925D0 /* SingleMetricDayCell.m in Sources */ = {isa = PBXBuildFile; fileRef = 7ECC9C751992B8A8002925D0 /* SingleMetricDayCell.m */; };
		7ECC9C9719980796002925D0 /* JYLegendView.m in Sources */ = {isa = PBXBuildFile; fileRef = 7ECC9C9419980796002925D0 /* JYLegendView.m */; };
		7ECC9C9819980796002925D0 /* JYRadarChart.m in Sources */ = {isa = PBXBuildFile; fileRef = 7ECC9C9619980796002925D0 /* JYRadarChart.m */; };
		7ECC9C9C1998151F002925D0 /* ForecastViewController.m in Sources */ = {isa = PBXBuildFile; fileRef = 7ECC9C9B1998151F002925D0 /* ForecastViewController.m */; };
		7ECC9CB119981F48002925D0 /* FacingView.m in Sources */ = {isa = PBXBuildFile; fileRef = 7ECC9C9E19981F48002925D0 /* FacingView.m */; };
		7ECC9CB219981F48002925D0 /* FoldView.m in Sources */ = {isa = PBXBuildFile; fileRef = 7ECC9CA019981F48002925D0 /* FoldView.m */; };
		7ECC9CB319981F48002925D0 /* MultiFoldView.m in Sources */ = {isa = PBXBuildFile; fileRef = 7ECC9CA219981F48002925D0 /* MultiFoldView.m */; };
		7ECC9CB419981F48002925D0 /* PaperFoldNavigationController.m in Sources */ = {isa = PBXBuildFile; fileRef = 7ECC9CA519981F48002925D0 /* PaperFoldNavigationController.m */; };
		7ECC9CB519981F48002925D0 /* PaperFoldResources.bundle in Resources */ = {isa = PBXBuildFile; fileRef = 7ECC9CA619981F48002925D0 /* PaperFoldResources.bundle */; };
		7ECC9CB619981F48002925D0 /* PaperFoldSwipeHintView.m in Sources */ = {isa = PBXBuildFile; fileRef = 7ECC9CA819981F48002925D0 /* PaperFoldSwipeHintView.m */; };
		7ECC9CB719981F48002925D0 /* PaperFoldView.m in Sources */ = {isa = PBXBuildFile; fileRef = 7ECC9CAA19981F48002925D0 /* PaperFoldView.m */; };
		7ECC9CB819981F48002925D0 /* ShadowView.m in Sources */ = {isa = PBXBuildFile; fileRef = 7ECC9CAC19981F48002925D0 /* ShadowView.m */; };
		7ECC9CB919981F48002925D0 /* TouchThroughUIView.m in Sources */ = {isa = PBXBuildFile; fileRef = 7ECC9CAE19981F48002925D0 /* TouchThroughUIView.m */; };
		7ECC9CBA19981F48002925D0 /* UIView+Screenshot.m in Sources */ = {isa = PBXBuildFile; fileRef = 7ECC9CB019981F48002925D0 /* UIView+Screenshot.m */; };
		7ED6E7871999665600E202CB /* MenuViewController.m in Sources */ = {isa = PBXBuildFile; fileRef = 7ED6E7861999665600E202CB /* MenuViewController.m */; };
		7ED6E791199977B300E202CB /* expandArrow.png in Resources */ = {isa = PBXBuildFile; fileRef = 7ED6E78E199977B300E202CB /* expandArrow.png */; };
		7ED6E792199977B300E202CB /* forecastOverlay.png in Resources */ = {isa = PBXBuildFile; fileRef = 7ED6E78F199977B300E202CB /* forecastOverlay.png */; };
		7ED6E7951999785400E202CB /* navMenuIcon.png in Resources */ = {isa = PBXBuildFile; fileRef = 7ED6E7941999785400E202CB /* navMenuIcon.png */; };
		7ED6E7981999792600E202CB /* PaperFoldTabBarController.m in Sources */ = {isa = PBXBuildFile; fileRef = 7ED6E7971999792600E202CB /* PaperFoldTabBarController.m */; };
		7ED6E79A19999C2C00E202CB /* menuOverlay.png in Resources */ = {isa = PBXBuildFile; fileRef = 7ED6E79919999C2C00E202CB /* menuOverlay.png */; };
		7ED6E79D199AD31D00E202CB /* homeScreen.png in Resources */ = {isa = PBXBuildFile; fileRef = 7ED6E79C199AD31D00E202CB /* homeScreen.png */; };
		7ED6E79F199AE25D00E202CB /* homeScreen2.png in Resources */ = {isa = PBXBuildFile; fileRef = 7ED6E79E199AE25D00E202CB /* homeScreen2.png */; };
		7ED6E7A2199AE7CC00E202CB /* Marlboro.ttf in Resources */ = {isa = PBXBuildFile; fileRef = 7ED6E7A1199AE75400E202CB /* Marlboro.ttf */; };
		7ED6E7AC199AEE9E00E202CB /* VertigoFLF-Bold.ttf in Resources */ = {isa = PBXBuildFile; fileRef = 7ED6E7A3199AECE600E202CB /* VertigoFLF-Bold.ttf */; };
		7ED6E7AD199AEE9E00E202CB /* VertigoFLF.ttf in Resources */ = {isa = PBXBuildFile; fileRef = 7ED6E7A4199AECE600E202CB /* VertigoFLF.ttf */; };
		7ED6E7AE199AEE9E00E202CB /* VertigoPlusFLF-Bold.ttf in Resources */ = {isa = PBXBuildFile; fileRef = 7ED6E7A5199AECE600E202CB /* VertigoPlusFLF-Bold.ttf */; };
		7ED6E7AF199AEE9E00E202CB /* VertigoPlusFLF.ttf in Resources */ = {isa = PBXBuildFile; fileRef = 7ED6E7A6199AECE600E202CB /* VertigoPlusFLF.ttf */; };
		7ED6E7B0199AEE9E00E202CB /* EuropeUnderground_black.ttf in Resources */ = {isa = PBXBuildFile; fileRef = 7ED6E7A7199AED0000E202CB /* EuropeUnderground_black.ttf */; };
		7ED6E7B1199AEE9E00E202CB /* EuropeUnderground_light.ttf in Resources */ = {isa = PBXBuildFile; fileRef = 7ED6E7A8199AED0000E202CB /* EuropeUnderground_light.ttf */; };
		7ED6E7B2199AEE9E00E202CB /* Life is goofy.ttf in Resources */ = {isa = PBXBuildFile; fileRef = 7ED6E7A9199AEE1400E202CB /* Life is goofy.ttf */; };
		7ED6E7B3199AEE9E00E202CB /* Montserrat-Bold.ttf in Resources */ = {isa = PBXBuildFile; fileRef = 7ED6E7AA199AEE6F00E202CB /* Montserrat-Bold.ttf */; };
		7ED6E7B4199AEE9E00E202CB /* Montserrat-Regular.ttf in Resources */ = {isa = PBXBuildFile; fileRef = 7ED6E7AB199AEE6F00E202CB /* Montserrat-Regular.ttf */; };
		7ED6E7B7199AFACE00E202CB /* homeScreen3.png in Resources */ = {isa = PBXBuildFile; fileRef = 7ED6E7B6199AFACE00E202CB /* homeScreen3.png */; };
		7ED6E7BE199B056D00E202CB /* MDRadialProgressLabel.m in Sources */ = {isa = PBXBuildFile; fileRef = 7ED6E7B9199B056D00E202CB /* MDRadialProgressLabel.m */; };
		7ED6E7BF199B056D00E202CB /* MDRadialProgressTheme.m in Sources */ = {isa = PBXBuildFile; fileRef = 7ED6E7BB199B056D00E202CB /* MDRadialProgressTheme.m */; };
		7ED6E7C0199B056D00E202CB /* MDRadialProgressView.m in Sources */ = {isa = PBXBuildFile; fileRef = 7ED6E7BD199B056D00E202CB /* MDRadialProgressView.m */; };
		7ED6E7C4199B4DF400E202CB /* Museo-500.otf in Resources */ = {isa = PBXBuildFile; fileRef = 7ED6E7C2199B4BFA00E202CB /* Museo-500.otf */; };
		7ED6E7C5199B4DF400E202CB /* Museo-700.otf in Resources */ = {isa = PBXBuildFile; fileRef = 7ED6E7C3199B4C0800E202CB /* Museo-700.otf */; };
/* End PBXBuildFile section */

/* Begin PBXContainerItemProxy section */
		7EB8BF0F198D81E200C06CFF /* PBXContainerItemProxy */ = {
			isa = PBXContainerItemProxy;
			containerPortal = 7EB8BEE1198D81E100C06CFF /* Project object */;
			proxyType = 1;
			remoteGlobalIDString = 7EB8BEE8198D81E100C06CFF;
			remoteInfo = OnPurpose;
		};
/* End PBXContainerItemProxy section */

/* Begin PBXFileReference section */
		7E4CD1DC1991A71F00631BC3 /* SingleMetricTableViewController.h */ = {isa = PBXFileReference; fileEncoding = 4; lastKnownFileType = sourcecode.c.h; path = SingleMetricTableViewController.h; sourceTree = "<group>"; };
		7E4CD1DD1991A71F00631BC3 /* SingleMetricTableViewController.m */ = {isa = PBXFileReference; fileEncoding = 4; lastKnownFileType = sourcecode.c.objc; path = SingleMetricTableViewController.m; sourceTree = "<group>"; };
		7E54AFC319A5617D00C9BA4E /* RMStepsController.h */ = {isa = PBXFileReference; fileEncoding = 4; lastKnownFileType = sourcecode.c.h; path = RMStepsController.h; sourceTree = "<group>"; };
		7E54AFC419A5617D00C9BA4E /* RMStepsController.m */ = {isa = PBXFileReference; fileEncoding = 4; lastKnownFileType = sourcecode.c.objc; path = RMStepsController.m; sourceTree = "<group>"; };
		7E54AFC519A5617D00C9BA4E /* RMStepsBar.h */ = {isa = PBXFileReference; fileEncoding = 4; lastKnownFileType = sourcecode.c.h; path = RMStepsBar.h; sourceTree = "<group>"; };
		7E54AFC619A5617D00C9BA4E /* RMStepsBar.m */ = {isa = PBXFileReference; fileEncoding = 4; lastKnownFileType = sourcecode.c.objc; path = RMStepsBar.m; sourceTree = "<group>"; };
		7E54AFC719A5617D00C9BA4E /* RMStep.h */ = {isa = PBXFileReference; fileEncoding = 4; lastKnownFileType = sourcecode.c.h; path = RMStep.h; sourceTree = "<group>"; };
		7E54AFC819A5617D00C9BA4E /* RMStep.m */ = {isa = PBXFileReference; fileEncoding = 4; lastKnownFileType = sourcecode.c.objc; path = RMStep.m; sourceTree = "<group>"; };
		7E54AFCD19A5628A00C9BA4E /* ForecastStepsController.h */ = {isa = PBXFileReference; fileEncoding = 4; lastKnownFileType = sourcecode.c.h; path = ForecastStepsController.h; sourceTree = "<group>"; };
		7E54AFCE19A5628A00C9BA4E /* ForecastStepsController.m */ = {isa = PBXFileReference; fileEncoding = 4; lastKnownFileType = sourcecode.c.objc; path = ForecastStepsController.m; sourceTree = "<group>"; };
		7E54AFD019A5690600C9BA4E /* AssesmentStepViewController.h */ = {isa = PBXFileReference; fileEncoding = 4; lastKnownFileType = sourcecode.c.h; path = AssesmentStepViewController.h; sourceTree = "<group>"; };
		7E54AFD119A5690600C9BA4E /* AssesmentStepViewController.m */ = {isa = PBXFileReference; fileEncoding = 4; lastKnownFileType = sourcecode.c.objc; path = AssesmentStepViewController.m; sourceTree = "<group>"; };
		7E90E551198DBAE300969FB6 /* Accounts.framework */ = {isa = PBXFileReference; lastKnownFileType = wrapper.framework; name = Accounts.framework; path = System/Library/Frameworks/Accounts.framework; sourceTree = SDKROOT; };
		7E90E553198DBAE900969FB6 /* Social.framework */ = {isa = PBXFileReference; lastKnownFileType = wrapper.framework; name = Social.framework; path = System/Library/Frameworks/Social.framework; sourceTree = SDKROOT; };
		7E90E555198DBB7100969FB6 /* MobileCoreServices.framework */ = {isa = PBXFileReference; lastKnownFileType = wrapper.framework; name = MobileCoreServices.framework; path = System/Library/Frameworks/MobileCoreServices.framework; sourceTree = SDKROOT; };
		7E90E557198DBB9D00969FB6 /* SystemConfiguration.framework */ = {isa = PBXFileReference; lastKnownFileType = wrapper.framework; name = SystemConfiguration.framework; path = System/Library/Frameworks/SystemConfiguration.framework; sourceTree = SDKROOT; };
		7E90E559198DC21F00969FB6 /* Constants.h */ = {isa = PBXFileReference; fileEncoding = 4; lastKnownFileType = sourcecode.c.h; path = Constants.h; sourceTree = "<group>"; };
		7E90E55A198DC21F00969FB6 /* Constants.m */ = {isa = PBXFileReference; fileEncoding = 4; lastKnownFileType = sourcecode.c.objc; path = Constants.m; sourceTree = "<group>"; };
		7E90E55C198DD34200969FB6 /* AddMetricsViewController.h */ = {isa = PBXFileReference; fileEncoding = 4; lastKnownFileType = sourcecode.c.h; path = AddMetricsViewController.h; sourceTree = "<group>"; };
		7E90E55D198DD34200969FB6 /* AddMetricsViewController.m */ = {isa = PBXFileReference; fileEncoding = 4; lastKnownFileType = sourcecode.c.objc; path = AddMetricsViewController.m; sourceTree = "<group>"; };
		7E90E55F198DD3D700969FB6 /* MetricsViewController.h */ = {isa = PBXFileReference; fileEncoding = 4; lastKnownFileType = sourcecode.c.h; path = MetricsViewController.h; sourceTree = "<group>"; };
		7E90E560198DD3D700969FB6 /* MetricsViewController.m */ = {isa = PBXFileReference; fileEncoding = 4; lastKnownFileType = sourcecode.c.objc; path = MetricsViewController.m; sourceTree = "<group>"; };
		7E90E562198DD3EB00969FB6 /* BEMSimpleLineGraphView.h */ = {isa = PBXFileReference; fileEncoding = 4; lastKnownFileType = sourcecode.c.h; path = BEMSimpleLineGraphView.h; sourceTree = "<group>"; };
		7E90E563198DD3EB00969FB6 /* BEMSimpleLineGraphView.m */ = {isa = PBXFileReference; fileEncoding = 4; lastKnownFileType = sourcecode.c.objc; path = BEMSimpleLineGraphView.m; sourceTree = "<group>"; };
		7E90E564198DD3EB00969FB6 /* BEMAnimations.h */ = {isa = PBXFileReference; fileEncoding = 4; lastKnownFileType = sourcecode.c.h; path = BEMAnimations.h; sourceTree = "<group>"; };
		7E90E565198DD3EB00969FB6 /* BEMAnimations.m */ = {isa = PBXFileReference; fileEncoding = 4; lastKnownFileType = sourcecode.c.objc; path = BEMAnimations.m; sourceTree = "<group>"; };
		7E90E566198DD3EB00969FB6 /* BEMCircle.h */ = {isa = PBXFileReference; fileEncoding = 4; lastKnownFileType = sourcecode.c.h; path = BEMCircle.h; sourceTree = "<group>"; };
		7E90E567198DD3EB00969FB6 /* BEMCircle.m */ = {isa = PBXFileReference; fileEncoding = 4; lastKnownFileType = sourcecode.c.objc; path = BEMCircle.m; sourceTree = "<group>"; };
		7E90E568198DD3EB00969FB6 /* BEMLine.h */ = {isa = PBXFileReference; fileEncoding = 4; lastKnownFileType = sourcecode.c.h; path = BEMLine.h; sourceTree = "<group>"; };
		7E90E569198DD3EB00969FB6 /* BEMLine.m */ = {isa = PBXFileReference; fileEncoding = 4; lastKnownFileType = sourcecode.c.objc; path = BEMLine.m; sourceTree = "<group>"; };
		7E90E57119903DBE00969FB6 /* SingleMetricViewController.h */ = {isa = PBXFileReference; fileEncoding = 4; lastKnownFileType = sourcecode.c.h; path = SingleMetricViewController.h; sourceTree = "<group>"; };
		7E90E57219903DBF00969FB6 /* SingleMetricViewController.m */ = {isa = PBXFileReference; fileEncoding = 4; lastKnownFileType = sourcecode.c.objc; path = SingleMetricViewController.m; sourceTree = "<group>"; };
		7EB8BEE9198D81E100C06CFF /* OnPurpose.app */ = {isa = PBXFileReference; explicitFileType = wrapper.application; includeInIndex = 0; path = OnPurpose.app; sourceTree = BUILT_PRODUCTS_DIR; };
		7EB8BEEC198D81E100C06CFF /* Foundation.framework */ = {isa = PBXFileReference; lastKnownFileType = wrapper.framework; name = Foundation.framework; path = System/Library/Frameworks/Foundation.framework; sourceTree = SDKROOT; };
		7EB8BEEE198D81E100C06CFF /* CoreGraphics.framework */ = {isa = PBXFileReference; lastKnownFileType = wrapper.framework; name = CoreGraphics.framework; path = System/Library/Frameworks/CoreGraphics.framework; sourceTree = SDKROOT; };
		7EB8BEF0198D81E100C06CFF /* UIKit.framework */ = {isa = PBXFileReference; lastKnownFileType = wrapper.framework; name = UIKit.framework; path = System/Library/Frameworks/UIKit.framework; sourceTree = SDKROOT; };
		7EB8BEF4198D81E100C06CFF /* OnPurpose-Info.plist */ = {isa = PBXFileReference; lastKnownFileType = text.plist.xml; path = "OnPurpose-Info.plist"; sourceTree = "<group>"; };
		7EB8BEF6198D81E100C06CFF /* en */ = {isa = PBXFileReference; lastKnownFileType = text.plist.strings; name = en; path = en.lproj/InfoPlist.strings; sourceTree = "<group>"; };
		7EB8BEF8198D81E100C06CFF /* main.m */ = {isa = PBXFileReference; lastKnownFileType = sourcecode.c.objc; path = main.m; sourceTree = "<group>"; };
		7EB8BEFA198D81E100C06CFF /* OnPurpose-Prefix.pch */ = {isa = PBXFileReference; lastKnownFileType = sourcecode.c.h; path = "OnPurpose-Prefix.pch"; sourceTree = "<group>"; };
		7EB8BEFB198D81E100C06CFF /* AppDelegate.h */ = {isa = PBXFileReference; lastKnownFileType = sourcecode.c.h; path = AppDelegate.h; sourceTree = "<group>"; };
		7EB8BEFC198D81E100C06CFF /* AppDelegate.m */ = {isa = PBXFileReference; lastKnownFileType = sourcecode.c.objc; path = AppDelegate.m; sourceTree = "<group>"; };
		7EB8BEFF198D81E100C06CFF /* Base */ = {isa = PBXFileReference; lastKnownFileType = file.storyboard; name = Base; path = Base.lproj/Main.storyboard; sourceTree = "<group>"; };
		7EB8BF04198D81E100C06CFF /* Images.xcassets */ = {isa = PBXFileReference; lastKnownFileType = folder.assetcatalog; path = Images.xcassets; sourceTree = "<group>"; };
		7EB8BF0A198D81E200C06CFF /* OnPurposeTests.xctest */ = {isa = PBXFileReference; explicitFileType = wrapper.cfbundle; includeInIndex = 0; path = OnPurposeTests.xctest; sourceTree = BUILT_PRODUCTS_DIR; };
		7EB8BF0B198D81E200C06CFF /* XCTest.framework */ = {isa = PBXFileReference; lastKnownFileType = wrapper.framework; name = XCTest.framework; path = Library/Frameworks/XCTest.framework; sourceTree = DEVELOPER_DIR; };
		7EB8BF13198D81E200C06CFF /* OnPurposeTests-Info.plist */ = {isa = PBXFileReference; lastKnownFileType = text.plist.xml; path = "OnPurposeTests-Info.plist"; sourceTree = "<group>"; };
		7EB8BF15198D81E200C06CFF /* en */ = {isa = PBXFileReference; lastKnownFileType = text.plist.strings; name = en; path = en.lproj/InfoPlist.strings; sourceTree = "<group>"; };
		7EB8BF17198D81E200C06CFF /* OnPurposeTests.m */ = {isa = PBXFileReference; lastKnownFileType = sourcecode.c.objc; path = OnPurposeTests.m; sourceTree = "<group>"; };
		7EB8BF23198D963700C06CFF /* Parse.framework */ = {isa = PBXFileReference; lastKnownFileType = wrapper.framework; path = Parse.framework; sourceTree = "<group>"; };
		7ECC9C741992B8A8002925D0 /* SingleMetricDayCell.h */ = {isa = PBXFileReference; fileEncoding = 4; lastKnownFileType = sourcecode.c.h; path = SingleMetricDayCell.h; sourceTree = "<group>"; };
		7ECC9C751992B8A8002925D0 /* SingleMetricDayCell.m */ = {isa = PBXFileReference; fileEncoding = 4; lastKnownFileType = sourcecode.c.objc; path = SingleMetricDayCell.m; sourceTree = "<group>"; };
		7ECC9C9319980795002925D0 /* JYLegendView.h */ = {isa = PBXFileReference; fileEncoding = 4; lastKnownFileType = sourcecode.c.h; path = JYLegendView.h; sourceTree = "<group>"; };
		7ECC9C9419980796002925D0 /* JYLegendView.m */ = {isa = PBXFileReference; fileEncoding = 4; lastKnownFileType = sourcecode.c.objc; path = JYLegendView.m; sourceTree = "<group>"; };
		7ECC9C9519980796002925D0 /* JYRadarChart.h */ = {isa = PBXFileReference; fileEncoding = 4; lastKnownFileType = sourcecode.c.h; path = JYRadarChart.h; sourceTree = "<group>"; };
		7ECC9C9619980796002925D0 /* JYRadarChart.m */ = {isa = PBXFileReference; fileEncoding = 4; lastKnownFileType = sourcecode.c.objc; path = JYRadarChart.m; sourceTree = "<group>"; };
		7ECC9C9A1998151F002925D0 /* ForecastViewController.h */ = {isa = PBXFileReference; fileEncoding = 4; lastKnownFileType = sourcecode.c.h; path = ForecastViewController.h; sourceTree = "<group>"; };
		7ECC9C9B1998151F002925D0 /* ForecastViewController.m */ = {isa = PBXFileReference; fileEncoding = 4; lastKnownFileType = sourcecode.c.objc; path = ForecastViewController.m; sourceTree = "<group>"; };
		7ECC9C9D19981F48002925D0 /* FacingView.h */ = {isa = PBXFileReference; fileEncoding = 4; lastKnownFileType = sourcecode.c.h; path = FacingView.h; sourceTree = "<group>"; };
		7ECC9C9E19981F48002925D0 /* FacingView.m */ = {isa = PBXFileReference; fileEncoding = 4; lastKnownFileType = sourcecode.c.objc; path = FacingView.m; sourceTree = "<group>"; };
		7ECC9C9F19981F48002925D0 /* FoldView.h */ = {isa = PBXFileReference; fileEncoding = 4; lastKnownFileType = sourcecode.c.h; path = FoldView.h; sourceTree = "<group>"; };
		7ECC9CA019981F48002925D0 /* FoldView.m */ = {isa = PBXFileReference; fileEncoding = 4; lastKnownFileType = sourcecode.c.objc; path = FoldView.m; sourceTree = "<group>"; };
		7ECC9CA119981F48002925D0 /* MultiFoldView.h */ = {isa = PBXFileReference; fileEncoding = 4; lastKnownFileType = sourcecode.c.h; path = MultiFoldView.h; sourceTree = "<group>"; };
		7ECC9CA219981F48002925D0 /* MultiFoldView.m */ = {isa = PBXFileReference; fileEncoding = 4; lastKnownFileType = sourcecode.c.objc; path = MultiFoldView.m; sourceTree = "<group>"; };
		7ECC9CA319981F48002925D0 /* PaperFoldConstants.h */ = {isa = PBXFileReference; fileEncoding = 4; lastKnownFileType = sourcecode.c.h; path = PaperFoldConstants.h; sourceTree = "<group>"; };
		7ECC9CA419981F48002925D0 /* PaperFoldNavigationController.h */ = {isa = PBXFileReference; fileEncoding = 4; lastKnownFileType = sourcecode.c.h; path = PaperFoldNavigationController.h; sourceTree = "<group>"; };
		7ECC9CA519981F48002925D0 /* PaperFoldNavigationController.m */ = {isa = PBXFileReference; fileEncoding = 4; lastKnownFileType = sourcecode.c.objc; path = PaperFoldNavigationController.m; sourceTree = "<group>"; };
		7ECC9CA619981F48002925D0 /* PaperFoldResources.bundle */ = {isa = PBXFileReference; lastKnownFileType = "wrapper.plug-in"; path = PaperFoldResources.bundle; sourceTree = "<group>"; };
		7ECC9CA719981F48002925D0 /* PaperFoldSwipeHintView.h */ = {isa = PBXFileReference; fileEncoding = 4; lastKnownFileType = sourcecode.c.h; path = PaperFoldSwipeHintView.h; sourceTree = "<group>"; };
		7ECC9CA819981F48002925D0 /* PaperFoldSwipeHintView.m */ = {isa = PBXFileReference; fileEncoding = 4; lastKnownFileType = sourcecode.c.objc; path = PaperFoldSwipeHintView.m; sourceTree = "<group>"; };
		7ECC9CA919981F48002925D0 /* PaperFoldView.h */ = {isa = PBXFileReference; fileEncoding = 4; lastKnownFileType = sourcecode.c.h; path = PaperFoldView.h; sourceTree = "<group>"; };
		7ECC9CAA19981F48002925D0 /* PaperFoldView.m */ = {isa = PBXFileReference; fileEncoding = 4; lastKnownFileType = sourcecode.c.objc; path = PaperFoldView.m; sourceTree = "<group>"; };
		7ECC9CAB19981F48002925D0 /* ShadowView.h */ = {isa = PBXFileReference; fileEncoding = 4; lastKnownFileType = sourcecode.c.h; path = ShadowView.h; sourceTree = "<group>"; };
		7ECC9CAC19981F48002925D0 /* ShadowView.m */ = {isa = PBXFileReference; fileEncoding = 4; lastKnownFileType = sourcecode.c.objc; path = ShadowView.m; sourceTree = "<group>"; };
		7ECC9CAD19981F48002925D0 /* TouchThroughUIView.h */ = {isa = PBXFileReference; fileEncoding = 4; lastKnownFileType = sourcecode.c.h; path = TouchThroughUIView.h; sourceTree = "<group>"; };
		7ECC9CAE19981F48002925D0 /* TouchThroughUIView.m */ = {isa = PBXFileReference; fileEncoding = 4; lastKnownFileType = sourcecode.c.objc; path = TouchThroughUIView.m; sourceTree = "<group>"; };
		7ECC9CAF19981F48002925D0 /* UIView+Screenshot.h */ = {isa = PBXFileReference; fileEncoding = 4; lastKnownFileType = sourcecode.c.h; path = "UIView+Screenshot.h"; sourceTree = "<group>"; };
		7ECC9CB019981F48002925D0 /* UIView+Screenshot.m */ = {isa = PBXFileReference; fileEncoding = 4; lastKnownFileType = sourcecode.c.objc; path = "UIView+Screenshot.m"; sourceTree = "<group>"; };
		7ECC9CBB19981F8A002925D0 /* swipe_guide.psd */ = {isa = PBXFileReference; lastKnownFileType = file; path = swipe_guide.psd; sourceTree = "<group>"; };
		7ECC9CBC19981F8A002925D0 /* swipe_guide2.psd */ = {isa = PBXFileReference; lastKnownFileType = file; path = swipe_guide2.psd; sourceTree = "<group>"; };
		7ED6E7851999665600E202CB /* MenuViewController.h */ = {isa = PBXFileReference; fileEncoding = 4; lastKnownFileType = sourcecode.c.h; path = MenuViewController.h; sourceTree = "<group>"; };
		7ED6E7861999665600E202CB /* MenuViewController.m */ = {isa = PBXFileReference; fileEncoding = 4; lastKnownFileType = sourcecode.c.objc; path = MenuViewController.m; sourceTree = "<group>"; };
		7ED6E78E199977B300E202CB /* expandArrow.png */ = {isa = PBXFileReference; lastKnownFileType = image.png; name = expandArrow.png; path = Resources/expandArrow.png; sourceTree = "<group>"; };
		7ED6E78F199977B300E202CB /* forecastOverlay.png */ = {isa = PBXFileReference; lastKnownFileType = image.png; name = forecastOverlay.png; path = Resources/forecastOverlay.png; sourceTree = "<group>"; };
		7ED6E7941999785400E202CB /* navMenuIcon.png */ = {isa = PBXFileReference; lastKnownFileType = image.png; name = navMenuIcon.png; path = Resources/navMenuIcon.png; sourceTree = "<group>"; };
		7ED6E7961999792600E202CB /* PaperFoldTabBarController.h */ = {isa = PBXFileReference; fileEncoding = 4; lastKnownFileType = sourcecode.c.h; path = PaperFoldTabBarController.h; sourceTree = "<group>"; };
		7ED6E7971999792600E202CB /* PaperFoldTabBarController.m */ = {isa = PBXFileReference; fileEncoding = 4; lastKnownFileType = sourcecode.c.objc; path = PaperFoldTabBarController.m; sourceTree = "<group>"; };
		7ED6E79919999C2C00E202CB /* menuOverlay.png */ = {isa = PBXFileReference; lastKnownFileType = image.png; name = menuOverlay.png; path = Resources/menuOverlay.png; sourceTree = "<group>"; };
		7ED6E79C199AD31D00E202CB /* homeScreen.png */ = {isa = PBXFileReference; lastKnownFileType = image.png; name = homeScreen.png; path = Resources/homeScreen.png; sourceTree = "<group>"; };
		7ED6E79E199AE25D00E202CB /* homeScreen2.png */ = {isa = PBXFileReference; lastKnownFileType = image.png; name = homeScreen2.png; path = Resources/homeScreen2.png; sourceTree = "<group>"; };
		7ED6E7A1199AE75400E202CB /* Marlboro.ttf */ = {isa = PBXFileReference; lastKnownFileType = file; path = Marlboro.ttf; sourceTree = "<group>"; };
		7ED6E7A3199AECE600E202CB /* VertigoFLF-Bold.ttf */ = {isa = PBXFileReference; lastKnownFileType = file; path = "VertigoFLF-Bold.ttf"; sourceTree = "<group>"; };
		7ED6E7A4199AECE600E202CB /* VertigoFLF.ttf */ = {isa = PBXFileReference; lastKnownFileType = file; path = VertigoFLF.ttf; sourceTree = "<group>"; };
		7ED6E7A5199AECE600E202CB /* VertigoPlusFLF-Bold.ttf */ = {isa = PBXFileReference; lastKnownFileType = file; path = "VertigoPlusFLF-Bold.ttf"; sourceTree = "<group>"; };
		7ED6E7A6199AECE600E202CB /* VertigoPlusFLF.ttf */ = {isa = PBXFileReference; lastKnownFileType = file; path = VertigoPlusFLF.ttf; sourceTree = "<group>"; };
		7ED6E7A7199AED0000E202CB /* EuropeUnderground_black.ttf */ = {isa = PBXFileReference; lastKnownFileType = file; path = EuropeUnderground_black.ttf; sourceTree = "<group>"; };
		7ED6E7A8199AED0000E202CB /* EuropeUnderground_light.ttf */ = {isa = PBXFileReference; lastKnownFileType = file; path = EuropeUnderground_light.ttf; sourceTree = "<group>"; };
		7ED6E7A9199AEE1400E202CB /* Life is goofy.ttf */ = {isa = PBXFileReference; lastKnownFileType = file; path = "Life is goofy.ttf"; sourceTree = "<group>"; };
		7ED6E7AA199AEE6F00E202CB /* Montserrat-Bold.ttf */ = {isa = PBXFileReference; lastKnownFileType = file; path = "Montserrat-Bold.ttf"; sourceTree = "<group>"; };
		7ED6E7AB199AEE6F00E202CB /* Montserrat-Regular.ttf */ = {isa = PBXFileReference; lastKnownFileType = file; path = "Montserrat-Regular.ttf"; sourceTree = "<group>"; };
		7ED6E7B6199AFACE00E202CB /* homeScreen3.png */ = {isa = PBXFileReference; lastKnownFileType = image.png; name = homeScreen3.png; path = Resources/homeScreen3.png; sourceTree = "<group>"; };
		7ED6E7B8199B056D00E202CB /* MDRadialProgressLabel.h */ = {isa = PBXFileReference; fileEncoding = 4; lastKnownFileType = sourcecode.c.h; path = MDRadialProgressLabel.h; sourceTree = "<group>"; };
		7ED6E7B9199B056D00E202CB /* MDRadialProgressLabel.m */ = {isa = PBXFileReference; fileEncoding = 4; lastKnownFileType = sourcecode.c.objc; path = MDRadialProgressLabel.m; sourceTree = "<group>"; };
		7ED6E7BA199B056D00E202CB /* MDRadialProgressTheme.h */ = {isa = PBXFileReference; fileEncoding = 4; lastKnownFileType = sourcecode.c.h; path = MDRadialProgressTheme.h; sourceTree = "<group>"; };
		7ED6E7BB199B056D00E202CB /* MDRadialProgressTheme.m */ = {isa = PBXFileReference; fileEncoding = 4; lastKnownFileType = sourcecode.c.objc; path = MDRadialProgressTheme.m; sourceTree = "<group>"; };
		7ED6E7BC199B056D00E202CB /* MDRadialProgressView.h */ = {isa = PBXFileReference; fileEncoding = 4; lastKnownFileType = sourcecode.c.h; path = MDRadialProgressView.h; sourceTree = "<group>"; };
		7ED6E7BD199B056D00E202CB /* MDRadialProgressView.m */ = {isa = PBXFileReference; fileEncoding = 4; lastKnownFileType = sourcecode.c.objc; path = MDRadialProgressView.m; sourceTree = "<group>"; };
		7ED6E7C2199B4BFA00E202CB /* Museo-500.otf */ = {isa = PBXFileReference; lastKnownFileType = file; path = "Museo-500.otf"; sourceTree = "<group>"; };
		7ED6E7C3199B4C0800E202CB /* Museo-700.otf */ = {isa = PBXFileReference; lastKnownFileType = file; path = "Museo-700.otf"; sourceTree = "<group>"; };
/* End PBXFileReference section */

/* Begin PBXFrameworksBuildPhase section */
		7EB8BEE6198D81E100C06CFF /* Frameworks */ = {
			isa = PBXFrameworksBuildPhase;
			buildActionMask = 2147483647;
			files = (
				7E90E558198DBB9D00969FB6 /* SystemConfiguration.framework in Frameworks */,
				7E90E556198DBB7100969FB6 /* MobileCoreServices.framework in Frameworks */,
				7E90E554198DBAE900969FB6 /* Social.framework in Frameworks */,
				7E90E552198DBAE300969FB6 /* Accounts.framework in Frameworks */,
				7EB8BEEF198D81E100C06CFF /* CoreGraphics.framework in Frameworks */,
				7EB8BEF1198D81E100C06CFF /* UIKit.framework in Frameworks */,
				7EB8BF24198D963700C06CFF /* Parse.framework in Frameworks */,
				7EB8BEED198D81E100C06CFF /* Foundation.framework in Frameworks */,
			);
			runOnlyForDeploymentPostprocessing = 0;
		};
		7EB8BF07198D81E200C06CFF /* Frameworks */ = {
			isa = PBXFrameworksBuildPhase;
			buildActionMask = 2147483647;
			files = (
				7EB8BF0C198D81E200C06CFF /* XCTest.framework in Frameworks */,
				7EB8BF0E198D81E200C06CFF /* UIKit.framework in Frameworks */,
				7EB8BF0D198D81E200C06CFF /* Foundation.framework in Frameworks */,
			);
			runOnlyForDeploymentPostprocessing = 0;
		};
/* End PBXFrameworksBuildPhase section */

/* Begin PBXGroup section */
		7E54AFCC19A5618900C9BA4E /* RMStepsController */ = {
			isa = PBXGroup;
			children = (
				7E54AFC319A5617D00C9BA4E /* RMStepsController.h */,
				7E54AFC419A5617D00C9BA4E /* RMStepsController.m */,
				7E54AFC519A5617D00C9BA4E /* RMStepsBar.h */,
				7E54AFC619A5617D00C9BA4E /* RMStepsBar.m */,
				7E54AFC719A5617D00C9BA4E /* RMStep.h */,
				7E54AFC819A5617D00C9BA4E /* RMStep.m */,
			);
			name = RMStepsController;
			sourceTree = "<group>";
		};
		7EB8BEE0198D81E100C06CFF = {
			isa = PBXGroup;
			children = (
				7EB8BEF2198D81E100C06CFF /* OnPurpose */,
				7EB8BEEA198D81E100C06CFF /* Products */,
				7ECC9C791992C87C002925D0 /* Icons */,
				7ED6E7A0199AE74100E202CB /* Fonts */,
				7ECC9C90199593CF002925D0 /* Graphics */,
				7EB8BF11198D81E200C06CFF /* OnPurposeTests */,
				7EB8BEEB198D81E100C06CFF /* Frameworks */,
			);
			sourceTree = "<group>";
		};
		7EB8BEEA198D81E100C06CFF /* Products */ = {
			isa = PBXGroup;
			children = (
				7EB8BEE9198D81E100C06CFF /* OnPurpose.app */,
				7EB8BF0A198D81E200C06CFF /* OnPurposeTests.xctest */,
			);
			name = Products;
			sourceTree = "<group>";
		};
		7EB8BEEB198D81E100C06CFF /* Frameworks */ = {
			isa = PBXGroup;
			children = (
				7E90E557198DBB9D00969FB6 /* SystemConfiguration.framework */,
				7E90E555198DBB7100969FB6 /* MobileCoreServices.framework */,
				7E90E553198DBAE900969FB6 /* Social.framework */,
				7E90E551198DBAE300969FB6 /* Accounts.framework */,
				7EB8BF23198D963700C06CFF /* Parse.framework */,
				7EB8BEEC198D81E100C06CFF /* Foundation.framework */,
				7EB8BEEE198D81E100C06CFF /* CoreGraphics.framework */,
				7EB8BEF0198D81E100C06CFF /* UIKit.framework */,
				7EB8BF0B198D81E200C06CFF /* XCTest.framework */,
			);
			name = Frameworks;
			sourceTree = "<group>";
		};
		7EB8BEF2198D81E100C06CFF /* OnPurpose */ = {
			isa = PBXGroup;
			children = (
				7EB8BEFB198D81E100C06CFF /* AppDelegate.h */,
				7EB8BEFC198D81E100C06CFF /* AppDelegate.m */,
				7E90E559198DC21F00969FB6 /* Constants.h */,
				7E90E55A198DC21F00969FB6 /* Constants.m */,
				7EB8BEFE198D81E100C06CFF /* Main.storyboard */,
				7ED6E7851999665600E202CB /* MenuViewController.h */,
				7ED6E7861999665600E202CB /* MenuViewController.m */,
				7ED6E7961999792600E202CB /* PaperFoldTabBarController.h */,
				7ED6E7971999792600E202CB /* PaperFoldTabBarController.m */,
				7E90E55F198DD3D700969FB6 /* MetricsViewController.h */,
				7E90E560198DD3D700969FB6 /* MetricsViewController.m */,
				7ECC9C9A1998151F002925D0 /* ForecastViewController.h */,
				7ECC9C9B1998151F002925D0 /* ForecastViewController.m */,
				7E54AFCD19A5628A00C9BA4E /* ForecastStepsController.h */,
				7E54AFCE19A5628A00C9BA4E /* ForecastStepsController.m */,
				7E54AFD019A5690600C9BA4E /* AssesmentStepViewController.h */,
				7E54AFD119A5690600C9BA4E /* AssesmentStepViewController.m */,
				7ECC9C7B199304CB002925D0 /* Single Metric */,
				7E90E55C198DD34200969FB6 /* AddMetricsViewController.h */,
				7E90E55D198DD34200969FB6 /* AddMetricsViewController.m */,
				7EB8BF04198D81E100C06CFF /* Images.xcassets */,
				7ECC9C7C199304E7002925D0 /* Libraries */,
				7EB8BEF3198D81E100C06CFF /* Supporting Files */,
			);
			path = OnPurpose;
			sourceTree = "<group>";
		};
		7EB8BEF3198D81E100C06CFF /* Supporting Files */ = {
			isa = PBXGroup;
			children = (
				7EB8BEF4198D81E100C06CFF /* OnPurpose-Info.plist */,
				7EB8BEF5198D81E100C06CFF /* InfoPlist.strings */,
				7EB8BEF8198D81E100C06CFF /* main.m */,
				7EB8BEFA198D81E100C06CFF /* OnPurpose-Prefix.pch */,
			);
			name = "Supporting Files";
			sourceTree = "<group>";
		};
		7EB8BF11198D81E200C06CFF /* OnPurposeTests */ = {
			isa = PBXGroup;
			children = (
				7EB8BF17198D81E200C06CFF /* OnPurposeTests.m */,
				7EB8BF12198D81E200C06CFF /* Supporting Files */,
			);
			path = OnPurposeTests;
			sourceTree = "<group>";
		};
		7EB8BF12198D81E200C06CFF /* Supporting Files */ = {
			isa = PBXGroup;
			children = (
				7EB8BF13198D81E200C06CFF /* OnPurposeTests-Info.plist */,
				7EB8BF14198D81E200C06CFF /* InfoPlist.strings */,
			);
			name = "Supporting Files";
			sourceTree = "<group>";
		};
		7ECC9C791992C87C002925D0 /* Icons */ = {
			isa = PBXGroup;
			children = (
				7ED6E78E199977B300E202CB /* expandArrow.png */,
				7ED6E7941999785400E202CB /* navMenuIcon.png */,
			);
			name = Icons;
			sourceTree = "<group>";
		};
		7ECC9C7A199304AD002925D0 /* BEMSimpleLineGraph */ = {
			isa = PBXGroup;
			children = (
				7E90E562198DD3EB00969FB6 /* BEMSimpleLineGraphView.h */,
				7E90E563198DD3EB00969FB6 /* BEMSimpleLineGraphView.m */,
				7E90E564198DD3EB00969FB6 /* BEMAnimations.h */,
				7E90E565198DD3EB00969FB6 /* BEMAnimations.m */,
				7E90E566198DD3EB00969FB6 /* BEMCircle.h */,
				7E90E567198DD3EB00969FB6 /* BEMCircle.m */,
				7E90E568198DD3EB00969FB6 /* BEMLine.h */,
				7E90E569198DD3EB00969FB6 /* BEMLine.m */,
			);
			name = BEMSimpleLineGraph;
			sourceTree = "<group>";
		};
		7ECC9C7B199304CB002925D0 /* Single Metric */ = {
			isa = PBXGroup;
			children = (
				7E90E57119903DBE00969FB6 /* SingleMetricViewController.h */,
				7E90E57219903DBF00969FB6 /* SingleMetricViewController.m */,
				7E4CD1DC1991A71F00631BC3 /* SingleMetricTableViewController.h */,
				7E4CD1DD1991A71F00631BC3 /* SingleMetricTableViewController.m */,
				7ECC9C741992B8A8002925D0 /* SingleMetricDayCell.h */,
				7ECC9C751992B8A8002925D0 /* SingleMetricDayCell.m */,
			);
			name = "Single Metric";
			sourceTree = "<group>";
		};
		7ECC9C7C199304E7002925D0 /* Libraries */ = {
			isa = PBXGroup;
			children = (
				7E54AFCC19A5618900C9BA4E /* RMStepsController */,
				7ED6E7C1199B057B00E202CB /* MDRadialProgress */,
				7ECC9CBD19981F96002925D0 /* PaperFold */,
				7ECC9C99199807BC002925D0 /* JYRadarChart */,
				7ECC9C7A199304AD002925D0 /* BEMSimpleLineGraph */,
			);
			name = Libraries;
			sourceTree = "<group>";
		};
		7ECC9C90199593CF002925D0 /* Graphics */ = {
			isa = PBXGroup;
			children = (
				7ED6E7B6199AFACE00E202CB /* homeScreen3.png */,
				7ED6E79E199AE25D00E202CB /* homeScreen2.png */,
				7ED6E79C199AD31D00E202CB /* homeScreen.png */,
				7ED6E78F199977B300E202CB /* forecastOverlay.png */,
				7ED6E79919999C2C00E202CB /* menuOverlay.png */,
			);
			name = Graphics;
			sourceTree = "<group>";
		};
		7ECC9C99199807BC002925D0 /* JYRadarChart */ = {
			isa = PBXGroup;
			children = (
				7ECC9C9319980795002925D0 /* JYLegendView.h */,
				7ECC9C9419980796002925D0 /* JYLegendView.m */,
				7ECC9C9519980796002925D0 /* JYRadarChart.h */,
				7ECC9C9619980796002925D0 /* JYRadarChart.m */,
			);
			name = JYRadarChart;
			sourceTree = "<group>";
		};
		7ECC9CBD19981F96002925D0 /* PaperFold */ = {
			isa = PBXGroup;
			children = (
				7ECC9C9D19981F48002925D0 /* FacingView.h */,
				7ECC9C9E19981F48002925D0 /* FacingView.m */,
				7ECC9C9F19981F48002925D0 /* FoldView.h */,
				7ECC9CA019981F48002925D0 /* FoldView.m */,
				7ECC9CA119981F48002925D0 /* MultiFoldView.h */,
				7ECC9CA219981F48002925D0 /* MultiFoldView.m */,
				7ECC9CA319981F48002925D0 /* PaperFoldConstants.h */,
				7ECC9CA419981F48002925D0 /* PaperFoldNavigationController.h */,
				7ECC9CA519981F48002925D0 /* PaperFoldNavigationController.m */,
				7ECC9CA619981F48002925D0 /* PaperFoldResources.bundle */,
				7ECC9CA719981F48002925D0 /* PaperFoldSwipeHintView.h */,
				7ECC9CA819981F48002925D0 /* PaperFoldSwipeHintView.m */,
				7ECC9CA919981F48002925D0 /* PaperFoldView.h */,
				7ECC9CAA19981F48002925D0 /* PaperFoldView.m */,
				7ECC9CBE19981FAA002925D0 /* Resources */,
				7ECC9CAB19981F48002925D0 /* ShadowView.h */,
				7ECC9CAC19981F48002925D0 /* ShadowView.m */,
				7ECC9CAD19981F48002925D0 /* TouchThroughUIView.h */,
				7ECC9CAE19981F48002925D0 /* TouchThroughUIView.m */,
				7ECC9CAF19981F48002925D0 /* UIView+Screenshot.h */,
				7ECC9CB019981F48002925D0 /* UIView+Screenshot.m */,
			);
			name = PaperFold;
			sourceTree = "<group>";
		};
		7ECC9CBE19981FAA002925D0 /* Resources */ = {
			isa = PBXGroup;
			children = (
				7ECC9CBB19981F8A002925D0 /* swipe_guide.psd */,
				7ECC9CBC19981F8A002925D0 /* swipe_guide2.psd */,
			);
			name = Resources;
			sourceTree = "<group>";
		};
		7ED6E7A0199AE74100E202CB /* Fonts */ = {
			isa = PBXGroup;
			children = (
				7ED6E7A1199AE75400E202CB /* Marlboro.ttf */,
				7ED6E7A3199AECE600E202CB /* VertigoFLF-Bold.ttf */,
				7ED6E7A4199AECE600E202CB /* VertigoFLF.ttf */,
				7ED6E7A5199AECE600E202CB /* VertigoPlusFLF-Bold.ttf */,
				7ED6E7A6199AECE600E202CB /* VertigoPlusFLF.ttf */,
				7ED6E7A7199AED0000E202CB /* EuropeUnderground_black.ttf */,
				7ED6E7A8199AED0000E202CB /* EuropeUnderground_light.ttf */,
				7ED6E7A9199AEE1400E202CB /* Life is goofy.ttf */,
				7ED6E7AA199AEE6F00E202CB /* Montserrat-Bold.ttf */,
				7ED6E7AB199AEE6F00E202CB /* Montserrat-Regular.ttf */,
				7ED6E7C2199B4BFA00E202CB /* Museo-500.otf */,
				7ED6E7C3199B4C0800E202CB /* Museo-700.otf */,
			);
			name = Fonts;
			sourceTree = "<group>";
		};
		7ED6E7C1199B057B00E202CB /* MDRadialProgress */ = {
			isa = PBXGroup;
			children = (
				7ED6E7B8199B056D00E202CB /* MDRadialProgressLabel.h */,
				7ED6E7B9199B056D00E202CB /* MDRadialProgressLabel.m */,
				7ED6E7BA199B056D00E202CB /* MDRadialProgressTheme.h */,
				7ED6E7BB199B056D00E202CB /* MDRadialProgressTheme.m */,
				7ED6E7BC199B056D00E202CB /* MDRadialProgressView.h */,
				7ED6E7BD199B056D00E202CB /* MDRadialProgressView.m */,
			);
			name = MDRadialProgress;
			sourceTree = "<group>";
		};
/* End PBXGroup section */

/* Begin PBXNativeTarget section */
		7EB8BEE8198D81E100C06CFF /* OnPurpose */ = {
			isa = PBXNativeTarget;
			buildConfigurationList = 7EB8BF1B198D81E200C06CFF /* Build configuration list for PBXNativeTarget "OnPurpose" */;
			buildPhases = (
				7EB8BEE5198D81E100C06CFF /* Sources */,
				7EB8BEE6198D81E100C06CFF /* Frameworks */,
				7EB8BEE7198D81E100C06CFF /* Resources */,
			);
			buildRules = (
			);
			dependencies = (
			);
			name = OnPurpose;
			productName = OnPurpose;
			productReference = 7EB8BEE9198D81E100C06CFF /* OnPurpose.app */;
			productType = "com.apple.product-type.application";
		};
		7EB8BF09198D81E200C06CFF /* OnPurposeTests */ = {
			isa = PBXNativeTarget;
			buildConfigurationList = 7EB8BF1E198D81E200C06CFF /* Build configuration list for PBXNativeTarget "OnPurposeTests" */;
			buildPhases = (
				7EB8BF06198D81E200C06CFF /* Sources */,
				7EB8BF07198D81E200C06CFF /* Frameworks */,
				7EB8BF08198D81E200C06CFF /* Resources */,
			);
			buildRules = (
			);
			dependencies = (
				7EB8BF10198D81E200C06CFF /* PBXTargetDependency */,
			);
			name = OnPurposeTests;
			productName = OnPurposeTests;
			productReference = 7EB8BF0A198D81E200C06CFF /* OnPurposeTests.xctest */;
			productType = "com.apple.product-type.bundle.unit-test";
		};
/* End PBXNativeTarget section */

/* Begin PBXProject section */
		7EB8BEE1198D81E100C06CFF /* Project object */ = {
			isa = PBXProject;
			attributes = {
				LastUpgradeCheck = 0510;
				ORGANIZATIONNAME = Dungbeetle;
				TargetAttributes = {
					7EB8BEE8198D81E100C06CFF = {
						DevelopmentTeam = 3V9X4J3E95;
					};
					7EB8BF09198D81E200C06CFF = {
						TestTargetID = 7EB8BEE8198D81E100C06CFF;
					};
				};
			};
			buildConfigurationList = 7EB8BEE4198D81E100C06CFF /* Build configuration list for PBXProject "OnPurpose" */;
			compatibilityVersion = "Xcode 3.2";
			developmentRegion = English;
			hasScannedForEncodings = 0;
			knownRegions = (
				en,
				Base,
			);
			mainGroup = 7EB8BEE0198D81E100C06CFF;
			productRefGroup = 7EB8BEEA198D81E100C06CFF /* Products */;
			projectDirPath = "";
			projectRoot = "";
			targets = (
				7EB8BEE8198D81E100C06CFF /* OnPurpose */,
				7EB8BF09198D81E200C06CFF /* OnPurposeTests */,
			);
		};
/* End PBXProject section */

/* Begin PBXResourcesBuildPhase section */
		7EB8BEE7198D81E100C06CFF /* Resources */ = {
			isa = PBXResourcesBuildPhase;
			buildActionMask = 2147483647;
			files = (
				7ED6E7C4199B4DF400E202CB /* Museo-500.otf in Resources */,
				7ED6E7C5199B4DF400E202CB /* Museo-700.otf in Resources */,
				7ED6E7AC199AEE9E00E202CB /* VertigoFLF-Bold.ttf in Resources */,
				7ED6E7AD199AEE9E00E202CB /* VertigoFLF.ttf in Resources */,
				7ED6E7AE199AEE9E00E202CB /* VertigoPlusFLF-Bold.ttf in Resources */,
				7ED6E7AF199AEE9E00E202CB /* VertigoPlusFLF.ttf in Resources */,
				7ED6E7B0199AEE9E00E202CB /* EuropeUnderground_black.ttf in Resources */,
				7ED6E7B1199AEE9E00E202CB /* EuropeUnderground_light.ttf in Resources */,
				7ED6E7B2199AEE9E00E202CB /* Life is goofy.ttf in Resources */,
				7ED6E7B3199AEE9E00E202CB /* Montserrat-Bold.ttf in Resources */,
				7ED6E7B4199AEE9E00E202CB /* Montserrat-Regular.ttf in Resources */,
				7ED6E7A2199AE7CC00E202CB /* Marlboro.ttf in Resources */,
				7ED6E7B7199AFACE00E202CB /* homeScreen3.png in Resources */,
				7EB8BF05198D81E100C06CFF /* Images.xcassets in Resources */,
				7ED6E79A19999C2C00E202CB /* menuOverlay.png in Resources */,
				7ECC9CB519981F48002925D0 /* PaperFoldResources.bundle in Resources */,
				7EB8BEF7198D81E100C06CFF /* InfoPlist.strings in Resources */,
				7ED6E792199977B300E202CB /* forecastOverlay.png in Resources */,
				7EB8BF00198D81E100C06CFF /* Main.storyboard in Resources */,
				7ED6E7951999785400E202CB /* navMenuIcon.png in Resources */,
				7ED6E79D199AD31D00E202CB /* homeScreen.png in Resources */,
				7ED6E791199977B300E202CB /* expandArrow.png in Resources */,
				7ED6E79F199AE25D00E202CB /* homeScreen2.png in Resources */,
			);
			runOnlyForDeploymentPostprocessing = 0;
		};
		7EB8BF08198D81E200C06CFF /* Resources */ = {
			isa = PBXResourcesBuildPhase;
			buildActionMask = 2147483647;
			files = (
				7EB8BF16198D81E200C06CFF /* InfoPlist.strings in Resources */,
			);
			runOnlyForDeploymentPostprocessing = 0;
		};
/* End PBXResourcesBuildPhase section */

/* Begin PBXSourcesBuildPhase section */
		7EB8BEE5198D81E100C06CFF /* Sources */ = {
			isa = PBXSourcesBuildPhase;
			buildActionMask = 2147483647;
			files = (
				7E90E57319903DBF00969FB6 /* SingleMetricViewController.m in Sources */,
				7ECC9CB319981F48002925D0 /* MultiFoldView.m in Sources */,
				7EB8BEFD198D81E100C06CFF /* AppDelegate.m in Sources */,
				7EB8BEF9198D81E100C06CFF /* main.m in Sources */,
				7ED6E7BF199B056D00E202CB /* MDRadialProgressTheme.m in Sources */,
				7ECC9C761992B8A8002925D0 /* SingleMetricDayCell.m in Sources */,
				7ECC9C9819980796002925D0 /* JYRadarChart.m in Sources */,
				7ECC9CB219981F48002925D0 /* FoldView.m in Sources */,
				7E54AFC919A5617D00C9BA4E /* RMStepsController.m in Sources */,
				7E54AFCF19A5628A00C9BA4E /* ForecastStepsController.m in Sources */,
				7E54AFD219A5690600C9BA4E /* AssesmentStepViewController.m in Sources */,
				7E4CD1DE1991A71F00631BC3 /* SingleMetricTableViewController.m in Sources */,
				7E90E56A198DD3EB00969FB6 /* BEMSimpleLineGraphView.m in Sources */,
				7ED6E7871999665600E202CB /* MenuViewController.m in Sources */,
				7E90E55B198DC21F00969FB6 /* Constants.m in Sources */,
				7ECC9C9719980796002925D0 /* JYLegendView.m in Sources */,
				7ED6E7BE199B056D00E202CB /* MDRadialProgressLabel.m in Sources */,
				7E90E56C198DD3EB00969FB6 /* BEMCircle.m in Sources */,
				7ECC9CB119981F48002925D0 /* FacingView.m in Sources */,
				7E54AFCA19A5617D00C9BA4E /* RMStepsBar.m in Sources */,
				7ECC9CB719981F48002925D0 /* PaperFoldView.m in Sources */,
				7ECC9C9C1998151F002925D0 /* ForecastViewController.m in Sources */,
				7E90E56D198DD3EB00969FB6 /* BEMLine.m in Sources */,
				7ECC9CBA19981F48002925D0 /* UIView+Screenshot.m in Sources */,
				7ECC9CB919981F48002925D0 /* TouchThroughUIView.m in Sources */,
				7E90E56B198DD3EB00969FB6 /* BEMAnimations.m in Sources */,
				7E90E55E198DD34200969FB6 /* AddMetricsViewController.m in Sources */,
				7E90E561198DD3D700969FB6 /* MetricsViewController.m in Sources */,
				7ECC9CB619981F48002925D0 /* PaperFoldSwipeHintView.m in Sources */,
				7ED6E7C0199B056D00E202CB /* MDRadialProgressView.m in Sources */,
				7ECC9CB819981F48002925D0 /* ShadowView.m in Sources */,
				7ECC9CB419981F48002925D0 /* PaperFoldNavigationController.m in Sources */,
				7E54AFCB19A5617D00C9BA4E /* RMStep.m in Sources */,
				7ED6E7981999792600E202CB /* PaperFoldTabBarController.m in Sources */,
			);
			runOnlyForDeploymentPostprocessing = 0;
		};
		7EB8BF06198D81E200C06CFF /* Sources */ = {
			isa = PBXSourcesBuildPhase;
			buildActionMask = 2147483647;
			files = (
				7EB8BF18198D81E200C06CFF /* OnPurposeTests.m in Sources */,
			);
			runOnlyForDeploymentPostprocessing = 0;
		};
/* End PBXSourcesBuildPhase section */

/* Begin PBXTargetDependency section */
		7EB8BF10198D81E200C06CFF /* PBXTargetDependency */ = {
			isa = PBXTargetDependency;
			target = 7EB8BEE8198D81E100C06CFF /* OnPurpose */;
			targetProxy = 7EB8BF0F198D81E200C06CFF /* PBXContainerItemProxy */;
		};
/* End PBXTargetDependency section */

/* Begin PBXVariantGroup section */
		7EB8BEF5198D81E100C06CFF /* InfoPlist.strings */ = {
			isa = PBXVariantGroup;
			children = (
				7EB8BEF6198D81E100C06CFF /* en */,
			);
			name = InfoPlist.strings;
			sourceTree = "<group>";
		};
		7EB8BEFE198D81E100C06CFF /* Main.storyboard */ = {
			isa = PBXVariantGroup;
			children = (
				7EB8BEFF198D81E100C06CFF /* Base */,
			);
			name = Main.storyboard;
			sourceTree = "<group>";
		};
		7EB8BF14198D81E200C06CFF /* InfoPlist.strings */ = {
			isa = PBXVariantGroup;
			children = (
				7EB8BF15198D81E200C06CFF /* en */,
			);
			name = InfoPlist.strings;
			sourceTree = "<group>";
		};
/* End PBXVariantGroup section */

/* Begin XCBuildConfiguration section */
		7EB8BF19198D81E200C06CFF /* Debug */ = {
			isa = XCBuildConfiguration;
			buildSettings = {
				ALWAYS_SEARCH_USER_PATHS = NO;
				CLANG_CXX_LANGUAGE_STANDARD = "gnu++0x";
				CLANG_CXX_LIBRARY = "libc++";
				CLANG_ENABLE_MODULES = YES;
				CLANG_ENABLE_OBJC_ARC = YES;
				CLANG_WARN_BOOL_CONVERSION = YES;
				CLANG_WARN_CONSTANT_CONVERSION = YES;
				CLANG_WARN_DIRECT_OBJC_ISA_USAGE = YES_ERROR;
				CLANG_WARN_EMPTY_BODY = YES;
				CLANG_WARN_ENUM_CONVERSION = YES;
				CLANG_WARN_INT_CONVERSION = YES;
				CLANG_WARN_OBJC_ROOT_CLASS = YES_ERROR;
				CLANG_WARN__DUPLICATE_METHOD_MATCH = YES;
				CODE_SIGN_IDENTITY = "iPhone Developer";
				"CODE_SIGN_IDENTITY[sdk=iphoneos*]" = "iPhone Developer";
				COPY_PHASE_STRIP = NO;
				GCC_C_LANGUAGE_STANDARD = gnu99;
				GCC_DYNAMIC_NO_PIC = NO;
				GCC_OPTIMIZATION_LEVEL = 0;
				GCC_PREPROCESSOR_DEFINITIONS = (
					"DEBUG=1",
					"$(inherited)",
				);
				GCC_SYMBOLS_PRIVATE_EXTERN = NO;
				GCC_WARN_64_TO_32_BIT_CONVERSION = YES;
				GCC_WARN_ABOUT_RETURN_TYPE = YES_ERROR;
				GCC_WARN_UNDECLARED_SELECTOR = YES;
				GCC_WARN_UNINITIALIZED_AUTOS = YES_AGGRESSIVE;
				GCC_WARN_UNUSED_FUNCTION = YES;
				GCC_WARN_UNUSED_VARIABLE = YES;
				IPHONEOS_DEPLOYMENT_TARGET = 7.0;
				ONLY_ACTIVE_ARCH = YES;
				"OTHER_LDFLAGS[arch=*]" = "-ObjC";
				SDKROOT = iphoneos;
			};
			name = Debug;
		};
		7EB8BF1A198D81E200C06CFF /* Release */ = {
			isa = XCBuildConfiguration;
			buildSettings = {
				ALWAYS_SEARCH_USER_PATHS = NO;
				CLANG_CXX_LANGUAGE_STANDARD = "gnu++0x";
				CLANG_CXX_LIBRARY = "libc++";
				CLANG_ENABLE_MODULES = YES;
				CLANG_ENABLE_OBJC_ARC = YES;
				CLANG_WARN_BOOL_CONVERSION = YES;
				CLANG_WARN_CONSTANT_CONVERSION = YES;
				CLANG_WARN_DIRECT_OBJC_ISA_USAGE = YES_ERROR;
				CLANG_WARN_EMPTY_BODY = YES;
				CLANG_WARN_ENUM_CONVERSION = YES;
				CLANG_WARN_INT_CONVERSION = YES;
				CLANG_WARN_OBJC_ROOT_CLASS = YES_ERROR;
				CLANG_WARN__DUPLICATE_METHOD_MATCH = YES;
				CODE_SIGN_IDENTITY = "iPhone Developer";
				"CODE_SIGN_IDENTITY[sdk=iphoneos*]" = "iPhone Developer";
				COPY_PHASE_STRIP = YES;
				ENABLE_NS_ASSERTIONS = NO;
				GCC_C_LANGUAGE_STANDARD = gnu99;
				GCC_WARN_64_TO_32_BIT_CONVERSION = YES;
				GCC_WARN_ABOUT_RETURN_TYPE = YES_ERROR;
				GCC_WARN_UNDECLARED_SELECTOR = YES;
				GCC_WARN_UNINITIALIZED_AUTOS = YES_AGGRESSIVE;
				GCC_WARN_UNUSED_FUNCTION = YES;
				GCC_WARN_UNUSED_VARIABLE = YES;
				IPHONEOS_DEPLOYMENT_TARGET = 7.0;
				"OTHER_LDFLAGS[arch=*]" = "-ObjC";
				SDKROOT = iphoneos;
				VALIDATE_PRODUCT = YES;
			};
			name = Release;
		};
		7EB8BF1C198D81E200C06CFF /* Debug */ = {
			isa = XCBuildConfiguration;
			buildSettings = {
				ASSETCATALOG_COMPILER_APPICON_NAME = AppIcon;
				ASSETCATALOG_COMPILER_LAUNCHIMAGE_NAME = LaunchImage;
				CODE_SIGN_IDENTITY = "iPhone Developer";
				"CODE_SIGN_IDENTITY[sdk=iphoneos*]" = "iPhone Developer";
				FRAMEWORK_SEARCH_PATHS = (
					"$(inherited)",
					"$(PROJECT_DIR)",
				);
				GCC_PRECOMPILE_PREFIX_HEADER = YES;
				GCC_PREFIX_HEADER = "OnPurpose/OnPurpose-Prefix.pch";
				INFOPLIST_FILE = "OnPurpose/OnPurpose-Info.plist";
				IPHONEOS_DEPLOYMENT_TARGET = 7.0;
				OTHER_LDFLAGS = "";
				PRODUCT_NAME = "$(TARGET_NAME)";
				PROVISIONING_PROFILE = "";
				SDKROOT = iphoneos7.1;
				WRAPPER_EXTENSION = app;
			};
			name = Debug;
		};
		7EB8BF1D198D81E200C06CFF /* Release */ = {
			isa = XCBuildConfiguration;
			buildSettings = {
				ASSETCATALOG_COMPILER_APPICON_NAME = AppIcon;
				ASSETCATALOG_COMPILER_LAUNCHIMAGE_NAME = LaunchImage;
				CODE_SIGN_IDENTITY = "iPhone Developer";
				"CODE_SIGN_IDENTITY[sdk=iphoneos*]" = "iPhone Developer";
				FRAMEWORK_SEARCH_PATHS = (
					"$(inherited)",
					"$(PROJECT_DIR)",
				);
				GCC_PRECOMPILE_PREFIX_HEADER = YES;
				GCC_PREFIX_HEADER = "OnPurpose/OnPurpose-Prefix.pch";
				INFOPLIST_FILE = "OnPurpose/OnPurpose-Info.plist";
				IPHONEOS_DEPLOYMENT_TARGET = 7.0;
				OTHER_LDFLAGS = "";
				PRODUCT_NAME = "$(TARGET_NAME)";
				PROVISIONING_PROFILE = "";
				SDKROOT = iphoneos7.1;
				WRAPPER_EXTENSION = app;
			};
			name = Release;
		};
		7EB8BF1F198D81E200C06CFF /* Debug */ = {
			isa = XCBuildConfiguration;
			buildSettings = {
				BUNDLE_LOADER = "$(BUILT_PRODUCTS_DIR)/OnPurpose.app/OnPurpose";
				FRAMEWORK_SEARCH_PATHS = (
					"$(SDKROOT)/Developer/Library/Frameworks",
					"$(inherited)",
					"$(DEVELOPER_FRAMEWORKS_DIR)",
				);
				GCC_PRECOMPILE_PREFIX_HEADER = YES;
				GCC_PREFIX_HEADER = "OnPurpose/OnPurpose-Prefix.pch";
				GCC_PREPROCESSOR_DEFINITIONS = (
					"DEBUG=1",
					"$(inherited)",
				);
				INFOPLIST_FILE = "OnPurposeTests/OnPurposeTests-Info.plist";
				PRODUCT_NAME = "$(TARGET_NAME)";
				TEST_HOST = "$(BUNDLE_LOADER)";
				WRAPPER_EXTENSION = xctest;
			};
			name = Debug;
		};
		7EB8BF20198D81E200C06CFF /* Release */ = {
			isa = XCBuildConfiguration;
			buildSettings = {
				BUNDLE_LOADER = "$(BUILT_PRODUCTS_DIR)/OnPurpose.app/OnPurpose";
				FRAMEWORK_SEARCH_PATHS = (
					"$(SDKROOT)/Developer/Library/Frameworks",
					"$(inherited)",
					"$(DEVELOPER_FRAMEWORKS_DIR)",
				);
				GCC_PRECOMPILE_PREFIX_HEADER = YES;
				GCC_PREFIX_HEADER = "OnPurpose/OnPurpose-Prefix.pch";
				INFOPLIST_FILE = "OnPurposeTests/OnPurposeTests-Info.plist";
				PRODUCT_NAME = "$(TARGET_NAME)";
				TEST_HOST = "$(BUNDLE_LOADER)";
				WRAPPER_EXTENSION = xctest;
			};
			name = Release;
		};
/* End XCBuildConfiguration section */

/* Begin XCConfigurationList section */
		7EB8BEE4198D81E100C06CFF /* Build configuration list for PBXProject "OnPurpose" */ = {
			isa = XCConfigurationList;
			buildConfigurations = (
				7EB8BF19198D81E200C06CFF /* Debug */,
				7EB8BF1A198D81E200C06CFF /* Release */,
			);
			defaultConfigurationIsVisible = 0;
			defaultConfigurationName = Release;
		};
		7EB8BF1B198D81E200C06CFF /* Build configuration list for PBXNativeTarget "OnPurpose" */ = {
			isa = XCConfigurationList;
			buildConfigurations = (
				7EB8BF1C198D81E200C06CFF /* Debug */,
				7EB8BF1D198D81E200C06CFF /* Release */,
			);
			defaultConfigurationIsVisible = 0;
			defaultConfigurationName = Release;
		};
		7EB8BF1E198D81E200C06CFF /* Build configuration list for PBXNativeTarget "OnPurposeTests" */ = {
			isa = XCConfigurationList;
			buildConfigurations = (
				7EB8BF1F198D81E200C06CFF /* Debug */,
				7EB8BF20198D81E200C06CFF /* Release */,
			);
			defaultConfigurationIsVisible = 0;
			defaultConfigurationName = Release;
		};
/* End XCConfigurationList section */
	};
	rootObject = 7EB8BEE1198D81E100C06CFF /* Project object */;
}
